// !$*UTF8*$!
{
	archiveVersion = 1;
	classes = {
	};
	objectVersion = 46;
	objects = {

/* Begin PBXBuildFile section */
		D36046071EF849DC0016B6EF /* main.cpp in Sources */ = {isa = PBXBuildFile; fileRef = D36046061EF849DC0016B6EF /* main.cpp */; };
		D360460F1EF86CE70016B6EF /* Token.cpp in Sources */ = {isa = PBXBuildFile; fileRef = D360460D1EF86CE70016B6EF /* Token.cpp */; };
		D36046121EF874AE0016B6EF /* TokenStream.cpp in Sources */ = {isa = PBXBuildFile; fileRef = D36046101EF874AE0016B6EF /* TokenStream.cpp */; };
		D36046151EF8999C0016B6EF /* Lexer.cpp in Sources */ = {isa = PBXBuildFile; fileRef = D36046131EF8999C0016B6EF /* Lexer.cpp */; };
		D36046181EF8A3E30016B6EF /* AST.cpp in Sources */ = {isa = PBXBuildFile; fileRef = D36046161EF8A3E30016B6EF /* AST.cpp */; };
/* End PBXBuildFile section */

/* Begin PBXCopyFilesBuildPhase section */
		D36046011EF849DC0016B6EF /* CopyFiles */ = {
			isa = PBXCopyFilesBuildPhase;
			buildActionMask = 2147483647;
			dstPath = /usr/share/man/man1/;
			dstSubfolderSpec = 0;
			files = (
			);
			runOnlyForDeploymentPostprocessing = 1;
		};
/* End PBXCopyFilesBuildPhase section */

/* Begin PBXFileReference section */
		D36046031EF849DC0016B6EF /* Sapphire */ = {isa = PBXFileReference; explicitFileType = "compiled.mach-o.executable"; includeInIndex = 0; path = Sapphire; sourceTree = BUILT_PRODUCTS_DIR; };
		D36046061EF849DC0016B6EF /* main.cpp */ = {isa = PBXFileReference; lastKnownFileType = sourcecode.cpp.cpp; path = main.cpp; sourceTree = "<group>"; };
		D360460D1EF86CE70016B6EF /* Token.cpp */ = {isa = PBXFileReference; fileEncoding = 4; lastKnownFileType = sourcecode.cpp.cpp; path = Token.cpp; sourceTree = "<group>"; };
		D360460E1EF86CE70016B6EF /* Token.hpp */ = {isa = PBXFileReference; fileEncoding = 4; lastKnownFileType = sourcecode.cpp.h; path = Token.hpp; sourceTree = "<group>"; };
		D36046101EF874AE0016B6EF /* TokenStream.cpp */ = {isa = PBXFileReference; fileEncoding = 4; lastKnownFileType = sourcecode.cpp.cpp; path = TokenStream.cpp; sourceTree = "<group>"; };
		D36046111EF874AE0016B6EF /* TokenStream.hpp */ = {isa = PBXFileReference; fileEncoding = 4; lastKnownFileType = sourcecode.cpp.h; path = TokenStream.hpp; sourceTree = "<group>"; };
		D36046131EF8999C0016B6EF /* Lexer.cpp */ = {isa = PBXFileReference; fileEncoding = 4; lastKnownFileType = sourcecode.cpp.cpp; path = Lexer.cpp; sourceTree = "<group>"; };
		D36046141EF8999C0016B6EF /* Lexer.hpp */ = {isa = PBXFileReference; fileEncoding = 4; lastKnownFileType = sourcecode.cpp.h; path = Lexer.hpp; sourceTree = "<group>"; };
		D36046161EF8A3E30016B6EF /* AST.cpp */ = {isa = PBXFileReference; fileEncoding = 4; lastKnownFileType = sourcecode.cpp.cpp; path = AST.cpp; sourceTree = "<group>"; };
		D36046171EF8A3E30016B6EF /* AST.hpp */ = {isa = PBXFileReference; fileEncoding = 4; lastKnownFileType = sourcecode.cpp.h; path = AST.hpp; sourceTree = "<group>"; };
/* End PBXFileReference section */

/* Begin PBXFrameworksBuildPhase section */
		D36046001EF849DC0016B6EF /* Frameworks */ = {
			isa = PBXFrameworksBuildPhase;
			buildActionMask = 2147483647;
			files = (
			);
			runOnlyForDeploymentPostprocessing = 0;
		};
/* End PBXFrameworksBuildPhase section */

/* Begin PBXGroup section */
		D36045FA1EF849DC0016B6EF = {
			isa = PBXGroup;
			children = (
				D36046051EF849DC0016B6EF /* Sapphire */,
				D36046041EF849DC0016B6EF /* Products */,
			);
			sourceTree = "<group>";
		};
		D36046041EF849DC0016B6EF /* Products */ = {
			isa = PBXGroup;
			children = (
				D36046031EF849DC0016B6EF /* Sapphire */,
			);
			name = Products;
			sourceTree = "<group>";
		};
		D36046051EF849DC0016B6EF /* Sapphire */ = {
			isa = PBXGroup;
			children = (
				D36046061EF849DC0016B6EF /* main.cpp */,
				D360460D1EF86CE70016B6EF /* Token.cpp */,
				D36046101EF874AE0016B6EF /* TokenStream.cpp */,
				D36046111EF874AE0016B6EF /* TokenStream.hpp */,
				D360460E1EF86CE70016B6EF /* Token.hpp */,
				D36046131EF8999C0016B6EF /* Lexer.cpp */,
				D36046141EF8999C0016B6EF /* Lexer.hpp */,
				D36046161EF8A3E30016B6EF /* AST.cpp */,
				D36046171EF8A3E30016B6EF /* AST.hpp */,
			);
			path = Sapphire;
			sourceTree = "<group>";
		};
/* End PBXGroup section */

/* Begin PBXNativeTarget section */
		D36046021EF849DC0016B6EF /* Sapphire */ = {
			isa = PBXNativeTarget;
			buildConfigurationList = D360460A1EF849DC0016B6EF /* Build configuration list for PBXNativeTarget "Sapphire" */;
			buildPhases = (
				D36045FF1EF849DC0016B6EF /* Sources */,
				D36046001EF849DC0016B6EF /* Frameworks */,
				D36046011EF849DC0016B6EF /* CopyFiles */,
			);
			buildRules = (
			);
			dependencies = (
			);
			name = Sapphire;
			productName = Sapphire;
			productReference = D36046031EF849DC0016B6EF /* Sapphire */;
			productType = "com.apple.product-type.tool";
		};
/* End PBXNativeTarget section */

/* Begin PBXProject section */
		D36045FB1EF849DC0016B6EF /* Project object */ = {
			isa = PBXProject;
			attributes = {
				LastUpgradeCheck = 0830;
				ORGANIZATIONNAME = Owner;
				TargetAttributes = {
					D36046021EF849DC0016B6EF = {
						CreatedOnToolsVersion = 8.3.2;
						DevelopmentTeam = M7VD655TYD;
						ProvisioningStyle = Automatic;
					};
				};
			};
			buildConfigurationList = D36045FE1EF849DC0016B6EF /* Build configuration list for PBXProject "Sapphire" */;
			compatibilityVersion = "Xcode 3.2";
			developmentRegion = English;
			hasScannedForEncodings = 0;
			knownRegions = (
				en,
			);
			mainGroup = D36045FA1EF849DC0016B6EF;
			productRefGroup = D36046041EF849DC0016B6EF /* Products */;
			projectDirPath = "";
			projectRoot = "";
			targets = (
				D36046021EF849DC0016B6EF /* Sapphire */,
			);
		};
/* End PBXProject section */

/* Begin PBXSourcesBuildPhase section */
		D36045FF1EF849DC0016B6EF /* Sources */ = {
			isa = PBXSourcesBuildPhase;
			buildActionMask = 2147483647;
			files = (
				D36046181EF8A3E30016B6EF /* AST.cpp in Sources */,
				D36046121EF874AE0016B6EF /* TokenStream.cpp in Sources */,
				D36046071EF849DC0016B6EF /* main.cpp in Sources */,
				D36046151EF8999C0016B6EF /* Lexer.cpp in Sources */,
				D360460F1EF86CE70016B6EF /* Token.cpp in Sources */,
			);
			runOnlyForDeploymentPostprocessing = 0;
		};
/* End PBXSourcesBuildPhase section */

/* Begin XCBuildConfiguration section */
		D36046081EF849DC0016B6EF /* Debug */ = {
			isa = XCBuildConfiguration;
			buildSettings = {
				ALWAYS_SEARCH_USER_PATHS = NO;
				CLANG_ANALYZER_NONNULL = YES;
				CLANG_ANALYZER_NUMBER_OBJECT_CONVERSION = YES_AGGRESSIVE;
				CLANG_CXX_LANGUAGE_STANDARD = "gnu++0x";
				CLANG_CXX_LIBRARY = "libc++";
				CLANG_ENABLE_MODULES = YES;
				CLANG_ENABLE_OBJC_ARC = YES;
				CLANG_WARN_BOOL_CONVERSION = YES;
				CLANG_WARN_CONSTANT_CONVERSION = YES;
				CLANG_WARN_DIRECT_OBJC_ISA_USAGE = YES_ERROR;
				CLANG_WARN_DOCUMENTATION_COMMENTS = YES;
				CLANG_WARN_EMPTY_BODY = YES;
				CLANG_WARN_ENUM_CONVERSION = YES;
				CLANG_WARN_INFINITE_RECURSION = YES;
				CLANG_WARN_INT_CONVERSION = YES;
				CLANG_WARN_OBJC_ROOT_CLASS = YES_ERROR;
				CLANG_WARN_SUSPICIOUS_MOVE = YES;
				CLANG_WARN_UNREACHABLE_CODE = YES;
				CLANG_WARN__DUPLICATE_METHOD_MATCH = YES;
				CODE_SIGN_IDENTITY = "-";
				COPY_PHASE_STRIP = NO;
				DEBUG_INFORMATION_FORMAT = dwarf;
				ENABLE_STRICT_OBJC_MSGSEND = YES;
				ENABLE_TESTABILITY = YES;
				GCC_C_LANGUAGE_STANDARD = gnu99;
				GCC_DYNAMIC_NO_PIC = NO;
				GCC_NO_COMMON_BLOCKS = YES;
				GCC_OPTIMIZATION_LEVEL = 0;
				GCC_PREPROCESSOR_DEFINITIONS = (
					"DEBUG=1",
					"$(inherited)",
				);
				GCC_WARN_64_TO_32_BIT_CONVERSION = YES;
				GCC_WARN_ABOUT_RETURN_TYPE = YES_ERROR;
				GCC_WARN_UNDECLARED_SELECTOR = YES;
				GCC_WARN_UNINITIALIZED_AUTOS = YES_AGGRESSIVE;
				GCC_WARN_UNUSED_FUNCTION = YES;
				GCC_WARN_UNUSED_VARIABLE = YES;
				MACOSX_DEPLOYMENT_TARGET = 10.12;
				MTL_ENABLE_DEBUG_INFO = YES;
				ONLY_ACTIVE_ARCH = YES;
				SDKROOT = macosx;
			};
			name = Debug;
		};
		D36046091EF849DC0016B6EF /* Release */ = {
			isa = XCBuildConfiguration;
			buildSettings = {
				ALWAYS_SEARCH_USER_PATHS = NO;
				CLANG_ANALYZER_NONNULL = YES;
				CLANG_ANALYZER_NUMBER_OBJECT_CONVERSION = YES_AGGRESSIVE;
				CLANG_CXX_LANGUAGE_STANDARD = "gnu++0x";
				CLANG_CXX_LIBRARY = "libc++";
				CLANG_ENABLE_MODULES = YES;
				CLANG_ENABLE_OBJC_ARC = YES;
				CLANG_WARN_BOOL_CONVERSION = YES;
				CLANG_WARN_CONSTANT_CONVERSION = YES;
				CLANG_WARN_DIRECT_OBJC_ISA_USAGE = YES_ERROR;
				CLANG_WARN_DOCUMENTATION_COMMENTS = YES;
				CLANG_WARN_EMPTY_BODY = YES;
				CLANG_WARN_ENUM_CONVERSION = YES;
				CLANG_WARN_INFINITE_RECURSION = YES;
				CLANG_WARN_INT_CONVERSION = YES;
				CLANG_WARN_OBJC_ROOT_CLASS = YES_ERROR;
				CLANG_WARN_SUSPICIOUS_MOVE = YES;
				CLANG_WARN_UNREACHABLE_CODE = YES;
				CLANG_WARN__DUPLICATE_METHOD_MATCH = YES;
				CODE_SIGN_IDENTITY = "-";
				COPY_PHASE_STRIP = NO;
				DEBUG_INFORMATION_FORMAT = "dwarf-with-dsym";
				ENABLE_NS_ASSERTIONS = NO;
				ENABLE_STRICT_OBJC_MSGSEND = YES;
				GCC_C_LANGUAGE_STANDARD = gnu99;
				GCC_NO_COMMON_BLOCKS = YES;
				GCC_WARN_64_TO_32_BIT_CONVERSION = YES;
				GCC_WARN_ABOUT_RETURN_TYPE = YES_ERROR;
				GCC_WARN_UNDECLARED_SELECTOR = YES;
				GCC_WARN_UNINITIALIZED_AUTOS = YES_AGGRESSIVE;
				GCC_WARN_UNUSED_FUNCTION = YES;
				GCC_WARN_UNUSED_VARIABLE = YES;
				MACOSX_DEPLOYMENT_TARGET = 10.12;
				MTL_ENABLE_DEBUG_INFO = NO;
				SDKROOT = macosx;
			};
			name = Release;
		};
		D360460B1EF849DC0016B6EF /* Debug */ = {
			isa = XCBuildConfiguration;
			buildSettings = {
				CODE_SIGN_IDENTITY = "Mac Developer";
				DEVELOPMENT_TEAM = M7VD655TYD;
				PRODUCT_NAME = "$(TARGET_NAME)";
				PROVISIONING_PROFILE_SPECIFIER = "";
			};
			name = Debug;
		};
		D360460C1EF849DC0016B6EF /* Release */ = {
			isa = XCBuildConfiguration;
			buildSettings = {
				CODE_SIGN_IDENTITY = "Mac Developer";
				DEVELOPMENT_TEAM = M7VD655TYD;
				PRODUCT_NAME = "$(TARGET_NAME)";
				PROVISIONING_PROFILE_SPECIFIER = "";
			};
			name = Release;
		};
/* End XCBuildConfiguration section */

/* Begin XCConfigurationList section */
		D36045FE1EF849DC0016B6EF /* Build configuration list for PBXProject "Sapphire" */ = {
			isa = XCConfigurationList;
			buildConfigurations = (
				D36046081EF849DC0016B6EF /* Debug */,
				D36046091EF849DC0016B6EF /* Release */,
			);
			defaultConfigurationIsVisible = 0;
			defaultConfigurationName = Release;
		};
		D360460A1EF849DC0016B6EF /* Build configuration list for PBXNativeTarget "Sapphire" */ = {
			isa = XCConfigurationList;
			buildConfigurations = (
				D360460B1EF849DC0016B6EF /* Debug */,
				D360460C1EF849DC0016B6EF /* Release */,
			);
			defaultConfigurationIsVisible = 0;
		};
/* End XCConfigurationList section */
	};
	rootObject = D36045FB1EF849DC0016B6EF /* Project object */;
}
